
Microsoft Visual Studio Solution File, Format Version 12.00
# Visual Studio Version 17
VisualStudioVersion = 17.0.31903.59
MinimumVisualStudioVersion = 10.0.40219.1
Project("{FAE04EC0-301F-11D3-BF4B-00C04F79EFBC}") = "MyGame", "MyGame\MyGame.csproj", "{8C4553BA-9BF7-4C5B-8C9F-B83E3E7832FD}"
EndProject
Project("{FAE04EC0-301F-11D3-BF4B-00C04F79EFBC}") = "MoonWorks", "lib\MoonWorks\MoonWorks.csproj", "{D8EC7E3D-E70D-452E-85B5-2661030CC52B}"
EndProject
Global
	GlobalSection(SolutionConfigurationPlatforms) = preSolution
		Debug|Any CPU = Debug|Any CPU
		Release|Any CPU = Release|Any CPU
	EndGlobalSection
	GlobalSection(SolutionProperties) = preSolution
		HideSolutionNode = FALSE
	EndGlobalSection
	GlobalSection(ProjectConfigurationPlatforms) = postSolution
		{8C4553BA-9BF7-4C5B-8C9F-B83E3E7832FD}.Debug|Any CPU.ActiveCfg = Debug|Any CPU
		{8C4553BA-9BF7-4C5B-8C9F-B83E3E7832FD}.Debug|Any CPU.Build.0 = Debug|Any CPU
		{8C4553BA-9BF7-4C5B-8C9F-B83E3E7832FD}.Release|Any CPU.ActiveCfg = Release|Any CPU
		{8C4553BA-9BF7-4C5B-8C9F-B83E3E7832FD}.Release|Any CPU.Build.0 = Release|Any CPU
		{D8EC7E3D-E70D-452E-85B5-2661030CC52B}.Debug|Any CPU.ActiveCfg = Debug|x64
		{D8EC7E3D-E70D-452E-85B5-2661030CC52B}.Debug|Any CPU.Build.0 = Debug|x64
		{D8EC7E3D-E70D-452E-85B5-2661030CC52B}.Release|Any CPU.ActiveCfg = Release|x64
		{D8EC7E3D-E70D-452E-85B5-2661030CC52B}.Release|Any CPU.Build.0 = Release|x64
	EndGlobalSection
EndGlobal
